// !$*UTF8*$!
{
	archiveVersion = 1;
	classes = {
	};
	objectVersion = 77;
	objects = {

/* Begin PBXContainerItemProxy section */
		76CD421C2D91A74C00ABE88E /* PBXContainerItemProxy */ = {
			isa = PBXContainerItemProxy;
			containerPortal = 76CD42012D91A74A00ABE88E /* Project object */;
			proxyType = 1;
			remoteGlobalIDString = 76CD42082D91A74A00ABE88E;
			remoteInfo = Harmonya;
		};
		76CD42262D91A74C00ABE88E /* PBXContainerItemProxy */ = {
			isa = PBXContainerItemProxy;
			containerPortal = 76CD42012D91A74A00ABE88E /* Project object */;
			proxyType = 1;
			remoteGlobalIDString = 76CD42082D91A74A00ABE88E;
			remoteInfo = Harmonya;
		};
/* End PBXContainerItemProxy section */

/* Begin PBXFileReference section */
		76CD42092D91A74A00ABE88E /* Harmonya.app */ = {isa = PBXFileReference; explicitFileType = wrapper.application; includeInIndex = 0; path = Harmonya.app; sourceTree = BUILT_PRODUCTS_DIR; };
		76CD421B2D91A74C00ABE88E /* HarmonyaTests.xctest */ = {isa = PBXFileReference; explicitFileType = wrapper.cfbundle; includeInIndex = 0; path = HarmonyaTests.xctest; sourceTree = BUILT_PRODUCTS_DIR; };
		76CD42252D91A74C00ABE88E /* HarmonyaUITests.xctest */ = {isa = PBXFileReference; explicitFileType = wrapper.cfbundle; includeInIndex = 0; path = HarmonyaUITests.xctest; sourceTree = BUILT_PRODUCTS_DIR; };
/* End PBXFileReference section */

/* Begin PBXFileSystemSynchronizedBuildFileExceptionSet section */
		76CD426F2DD2242600ABE88E /* Exceptions for "Harmonya" folder in "Harmonya" target */ = {
			isa = PBXFileSystemSynchronizedBuildFileExceptionSet;
			membershipExceptions = (
				Info.plist,
			);
			target = 76CD42082D91A74A00ABE88E /* Harmonya */;
		};
/* End PBXFileSystemSynchronizedBuildFileExceptionSet section */

/* Begin PBXFileSystemSynchronizedRootGroup section */
		76CD420B2D91A74A00ABE88E /* Harmonya */ = {
			isa = PBXFileSystemSynchronizedRootGroup;
			exceptions = (
				76CD426F2DD2242600ABE88E /* Exceptions for "Harmonya" folder in "Harmonya" target */,
			);
			path = Harmonya;
			sourceTree = "<group>";
		};
		76CD421E2D91A74C00ABE88E /* HarmonyaTests */ = {
			isa = PBXFileSystemSynchronizedRootGroup;
			path = HarmonyaTests;
			sourceTree = "<group>";
		};
		76CD42282D91A74C00ABE88E /* HarmonyaUITests */ = {
			isa = PBXFileSystemSynchronizedRootGroup;
			path = HarmonyaUITests;
			sourceTree = "<group>";
		};
/* End PBXFileSystemSynchronizedRootGroup section */

/* Begin PBXFrameworksBuildPhase section */
		76CD42062D91A74A00ABE88E /* Frameworks */ = {
			isa = PBXFrameworksBuildPhase;
			buildActionMask = 2147483647;
			files = (
			);
			runOnlyForDeploymentPostprocessing = 0;
		};
		76CD42182D91A74C00ABE88E /* Frameworks */ = {
			isa = PBXFrameworksBuildPhase;
			buildActionMask = 2147483647;
			files = (
			);
			runOnlyForDeploymentPostprocessing = 0;
		};
		76CD42222D91A74C00ABE88E /* Frameworks */ = {
			isa = PBXFrameworksBuildPhase;
			buildActionMask = 2147483647;
			files = (
			);
			runOnlyForDeploymentPostprocessing = 0;
		};
/* End PBXFrameworksBuildPhase section */

/* Begin PBXGroup section */
		76CD42002D91A74A00ABE88E = {
			isa = PBXGroup;
			children = (
				76CD420B2D91A74A00ABE88E /* Harmonya */,
				76CD421E2D91A74C00ABE88E /* HarmonyaTests */,
				76CD42282D91A74C00ABE88E /* HarmonyaUITests */,
				76CD420A2D91A74A00ABE88E /* Products */,
			);
			sourceTree = "<group>";
		};
		76CD420A2D91A74A00ABE88E /* Products */ = {
			isa = PBXGroup;
			children = (
				76CD42092D91A74A00ABE88E /* Harmonya.app */,
				76CD421B2D91A74C00ABE88E /* HarmonyaTests.xctest */,
				76CD42252D91A74C00ABE88E /* HarmonyaUITests.xctest */,
			);
			name = Products;
			sourceTree = "<group>";
		};
/* End PBXGroup section */

/* Begin PBXNativeTarget section */
		76CD42082D91A74A00ABE88E /* Harmonya */ = {
			isa = PBXNativeTarget;
			buildConfigurationList = 76CD422F2D91A74C00ABE88E /* Build configuration list for PBXNativeTarget "Harmonya" */;
			buildPhases = (
				76CD42052D91A74A00ABE88E /* Sources */,
				76CD42062D91A74A00ABE88E /* Frameworks */,
				76CD42072D91A74A00ABE88E /* Resources */,
			);
			buildRules = (
			);
			dependencies = (
			);
			fileSystemSynchronizedGroups = (
				76CD420B2D91A74A00ABE88E /* Harmonya */,
			);
			name = Harmonya;
			packageProductDependencies = (
			);
			productName = Harmonya;
			productReference = 76CD42092D91A74A00ABE88E /* Harmonya.app */;
			productType = "com.apple.product-type.application";
		};
		76CD421A2D91A74C00ABE88E /* HarmonyaTests */ = {
			isa = PBXNativeTarget;
			buildConfigurationList = 76CD42322D91A74C00ABE88E /* Build configuration list for PBXNativeTarget "HarmonyaTests" */;
			buildPhases = (
				76CD42172D91A74C00ABE88E /* Sources */,
				76CD42182D91A74C00ABE88E /* Frameworks */,
				76CD42192D91A74C00ABE88E /* Resources */,
			);
			buildRules = (
			);
			dependencies = (
				76CD421D2D91A74C00ABE88E /* PBXTargetDependency */,
			);
			fileSystemSynchronizedGroups = (
				76CD421E2D91A74C00ABE88E /* HarmonyaTests */,
			);
			name = HarmonyaTests;
			packageProductDependencies = (
			);
			productName = HarmonyaTests;
			productReference = 76CD421B2D91A74C00ABE88E /* HarmonyaTests.xctest */;
			productType = "com.apple.product-type.bundle.unit-test";
		};
		76CD42242D91A74C00ABE88E /* HarmonyaUITests */ = {
			isa = PBXNativeTarget;
			buildConfigurationList = 76CD42352D91A74C00ABE88E /* Build configuration list for PBXNativeTarget "HarmonyaUITests" */;
			buildPhases = (
				76CD42212D91A74C00ABE88E /* Sources */,
				76CD42222D91A74C00ABE88E /* Frameworks */,
				76CD42232D91A74C00ABE88E /* Resources */,
			);
			buildRules = (
			);
			dependencies = (
				76CD42272D91A74C00ABE88E /* PBXTargetDependency */,
			);
			fileSystemSynchronizedGroups = (
				76CD42282D91A74C00ABE88E /* HarmonyaUITests */,
			);
			name = HarmonyaUITests;
			packageProductDependencies = (
			);
			productName = HarmonyaUITests;
			productReference = 76CD42252D91A74C00ABE88E /* HarmonyaUITests.xctest */;
			productType = "com.apple.product-type.bundle.ui-testing";
		};
/* End PBXNativeTarget section */

/* Begin PBXProject section */
		76CD42012D91A74A00ABE88E /* Project object */ = {
			isa = PBXProject;
			attributes = {
				BuildIndependentTargetsInParallel = 1;
				LastSwiftUpdateCheck = 1620;
				LastUpgradeCheck = 1620;
				TargetAttributes = {
					76CD42082D91A74A00ABE88E = {
						CreatedOnToolsVersion = 16.2;
					};
					76CD421A2D91A74C00ABE88E = {
						CreatedOnToolsVersion = 16.2;
						TestTargetID = 76CD42082D91A74A00ABE88E;
					};
					76CD42242D91A74C00ABE88E = {
						CreatedOnToolsVersion = 16.2;
						TestTargetID = 76CD42082D91A74A00ABE88E;
					};
				};
			};
			buildConfigurationList = 76CD42042D91A74A00ABE88E /* Build configuration list for PBXProject "Harmonya" */;
			developmentRegion = en;
			hasScannedForEncodings = 0;
			knownRegions = (
				en,
				Base,
			);
			mainGroup = 76CD42002D91A74A00ABE88E;
			minimizedProjectReferenceProxies = 1;
			packageReferences = (
			);
			preferredProjectObjectVersion = 77;
			productRefGroup = 76CD420A2D91A74A00ABE88E /* Products */;
			projectDirPath = "";
			projectRoot = "";
			targets = (
				76CD42082D91A74A00ABE88E /* Harmonya */,
				76CD421A2D91A74C00ABE88E /* HarmonyaTests */,
				76CD42242D91A74C00ABE88E /* HarmonyaUITests */,
			);
		};
/* End PBXProject section */

/* Begin PBXResourcesBuildPhase section */
		76CD42072D91A74A00ABE88E /* Resources */ = {
			isa = PBXResourcesBuildPhase;
			buildActionMask = 2147483647;
			files = (
			);
			runOnlyForDeploymentPostprocessing = 0;
		};
		76CD42192D91A74C00ABE88E /* Resources */ = {
			isa = PBXResourcesBuildPhase;
			buildActionMask = 2147483647;
			files = (
			);
			runOnlyForDeploymentPostprocessing = 0;
		};
		76CD42232D91A74C00ABE88E /* Resources */ = {
			isa = PBXResourcesBuildPhase;
			buildActionMask = 2147483647;
			files = (
			);
			runOnlyForDeploymentPostprocessing = 0;
		};
/* End PBXResourcesBuildPhase section */

/* Begin PBXSourcesBuildPhase section */
		76CD42052D91A74A00ABE88E /* Sources */ = {
			isa = PBXSourcesBuildPhase;
			buildActionMask = 2147483647;
			files = (
			);
			runOnlyForDeploymentPostprocessing = 0;
		};
		76CD42172D91A74C00ABE88E /* Sources */ = {
			isa = PBXSourcesBuildPhase;
			buildActionMask = 2147483647;
			files = (
			);
			runOnlyForDeploymentPostprocessing = 0;
		};
		76CD42212D91A74C00ABE88E /* Sources */ = {
			isa = PBXSourcesBuildPhase;
			buildActionMask = 2147483647;
			files = (
			);
			runOnlyForDeploymentPostprocessing = 0;
		};
/* End PBXSourcesBuildPhase section */

/* Begin PBXTargetDependency section */
		76CD421D2D91A74C00ABE88E /* PBXTargetDependency */ = {
			isa = PBXTargetDependency;
			target = 76CD42082D91A74A00ABE88E /* Harmonya */;
			targetProxy = 76CD421C2D91A74C00ABE88E /* PBXContainerItemProxy */;
		};
		76CD42272D91A74C00ABE88E /* PBXTargetDependency */ = {
			isa = PBXTargetDependency;
			target = 76CD42082D91A74A00ABE88E /* Harmonya */;
			targetProxy = 76CD42262D91A74C00ABE88E /* PBXContainerItemProxy */;
		};
/* End PBXTargetDependency section */

/* Begin XCBuildConfiguration section */
		76CD422D2D91A74C00ABE88E /* Debug */ = {
			isa = XCBuildConfiguration;
			buildSettings = {
				ALWAYS_SEARCH_USER_PATHS = NO;
				ASSETCATALOG_COMPILER_GENERATE_SWIFT_ASSET_SYMBOL_EXTENSIONS = YES;
				CLANG_ANALYZER_NONNULL = YES;
				CLANG_ANALYZER_NUMBER_OBJECT_CONVERSION = YES_AGGRESSIVE;
				CLANG_CXX_LANGUAGE_STANDARD = "gnu++20";
				CLANG_ENABLE_MODULES = YES;
				CLANG_ENABLE_OBJC_ARC = YES;
				CLANG_ENABLE_OBJC_WEAK = YES;
				CLANG_WARN_BLOCK_CAPTURE_AUTORELEASING = YES;
				CLANG_WARN_BOOL_CONVERSION = YES;
				CLANG_WARN_COMMA = YES;
				CLANG_WARN_CONSTANT_CONVERSION = YES;
				CLANG_WARN_DEPRECATED_OBJC_IMPLEMENTATIONS = YES;
				CLANG_WARN_DIRECT_OBJC_ISA_USAGE = YES_ERROR;
				CLANG_WARN_DOCUMENTATION_COMMENTS = YES;
				CLANG_WARN_EMPTY_BODY = YES;
				CLANG_WARN_ENUM_CONVERSION = YES;
				CLANG_WARN_INFINITE_RECURSION = YES;
				CLANG_WARN_INT_CONVERSION = YES;
				CLANG_WARN_NON_LITERAL_NULL_CONVERSION = YES;
				CLANG_WARN_OBJC_IMPLICIT_RETAIN_SELF = YES;
				CLANG_WARN_OBJC_LITERAL_CONVERSION = YES;
				CLANG_WARN_OBJC_ROOT_CLASS = YES_ERROR;
				CLANG_WARN_QUOTED_INCLUDE_IN_FRAMEWORK_HEADER = YES;
				CLANG_WARN_RANGE_LOOP_ANALYSIS = YES;
				CLANG_WARN_STRICT_PROTOTYPES = YES;
				CLANG_WARN_SUSPICIOUS_MOVE = YES;
				CLANG_WARN_UNGUARDED_AVAILABILITY = YES_AGGRESSIVE;
				CLANG_WARN_UNREACHABLE_CODE = YES;
				CLANG_WARN__DUPLICATE_METHOD_MATCH = YES;
				COPY_PHASE_STRIP = NO;
				DEBUG_INFORMATION_FORMAT = dwarf;
				ENABLE_STRICT_OBJC_MSGSEND = YES;
				ENABLE_TESTABILITY = YES;
				ENABLE_USER_SCRIPT_SANDBOXING = YES;
				GCC_C_LANGUAGE_STANDARD = gnu17;
				GCC_DYNAMIC_NO_PIC = NO;
				GCC_NO_COMMON_BLOCKS = YES;
				GCC_OPTIMIZATION_LEVEL = 0;
				GCC_PREPROCESSOR_DEFINITIONS = (
					"DEBUG=1",
					"$(inherited)",
				);
				GCC_WARN_64_TO_32_BIT_CONVERSION = YES;
				GCC_WARN_ABOUT_RETURN_TYPE = YES_ERROR;
				GCC_WARN_UNDECLARED_SELECTOR = YES;
				GCC_WARN_UNINITIALIZED_AUTOS = YES_AGGRESSIVE;
				GCC_WARN_UNUSED_FUNCTION = YES;
				GCC_WARN_UNUSED_VARIABLE = YES;
				IPHONEOS_DEPLOYMENT_TARGET = 18.2;
				LOCALIZATION_PREFERS_STRING_CATALOGS = YES;
				MTL_ENABLE_DEBUG_INFO = INCLUDE_SOURCE;
				MTL_FAST_MATH = YES;
				ONLY_ACTIVE_ARCH = YES;
				SDKROOT = iphoneos;
				SWIFT_ACTIVE_COMPILATION_CONDITIONS = "DEBUG $(inherited)";
				SWIFT_OPTIMIZATION_LEVEL = "-Onone";
			};
			name = Debug;
		};
		76CD422E2D91A74C00ABE88E /* Release */ = {
			isa = XCBuildConfiguration;
			buildSettings = {
				ALWAYS_SEARCH_USER_PATHS = NO;
				ASSETCATALOG_COMPILER_GENERATE_SWIFT_ASSET_SYMBOL_EXTENSIONS = YES;
				CLANG_ANALYZER_NONNULL = YES;
				CLANG_ANALYZER_NUMBER_OBJECT_CONVERSION = YES_AGGRESSIVE;
				CLANG_CXX_LANGUAGE_STANDARD = "gnu++20";
				CLANG_ENABLE_MODULES = YES;
				CLANG_ENABLE_OBJC_ARC = YES;
				CLANG_ENABLE_OBJC_WEAK = YES;
				CLANG_WARN_BLOCK_CAPTURE_AUTORELEASING = YES;
				CLANG_WARN_BOOL_CONVERSION = YES;
				CLANG_WARN_COMMA = YES;
				CLANG_WARN_CONSTANT_CONVERSION = YES;
				CLANG_WARN_DEPRECATED_OBJC_IMPLEMENTATIONS = YES;
				CLANG_WARN_DIRECT_OBJC_ISA_USAGE = YES_ERROR;
				CLANG_WARN_DOCUMENTATION_COMMENTS = YES;
				CLANG_WARN_EMPTY_BODY = YES;
				CLANG_WARN_ENUM_CONVERSION = YES;
				CLANG_WARN_INFINITE_RECURSION = YES;
				CLANG_WARN_INT_CONVERSION = YES;
				CLANG_WARN_NON_LITERAL_NULL_CONVERSION = YES;
				CLANG_WARN_OBJC_IMPLICIT_RETAIN_SELF = YES;
				CLANG_WARN_OBJC_LITERAL_CONVERSION = YES;
				CLANG_WARN_OBJC_ROOT_CLASS = YES_ERROR;
				CLANG_WARN_QUOTED_INCLUDE_IN_FRAMEWORK_HEADER = YES;
				CLANG_WARN_RANGE_LOOP_ANALYSIS = YES;
				CLANG_WARN_STRICT_PROTOTYPES = YES;
				CLANG_WARN_SUSPICIOUS_MOVE = YES;
				CLANG_WARN_UNGUARDED_AVAILABILITY = YES_AGGRESSIVE;
				CLANG_WARN_UNREACHABLE_CODE = YES;
				CLANG_WARN__DUPLICATE_METHOD_MATCH = YES;
				COPY_PHASE_STRIP = NO;
				DEBUG_INFORMATION_FORMAT = "dwarf-with-dsym";
				ENABLE_NS_ASSERTIONS = NO;
				ENABLE_STRICT_OBJC_MSGSEND = YES;
				ENABLE_USER_SCRIPT_SANDBOXING = YES;
				GCC_C_LANGUAGE_STANDARD = gnu17;
				GCC_NO_COMMON_BLOCKS = YES;
				GCC_WARN_64_TO_32_BIT_CONVERSION = YES;
				GCC_WARN_ABOUT_RETURN_TYPE = YES_ERROR;
				GCC_WARN_UNDECLARED_SELECTOR = YES;
				GCC_WARN_UNINITIALIZED_AUTOS = YES_AGGRESSIVE;
				GCC_WARN_UNUSED_FUNCTION = YES;
				GCC_WARN_UNUSED_VARIABLE = YES;
				IPHONEOS_DEPLOYMENT_TARGET = 18.2;
				LOCALIZATION_PREFERS_STRING_CATALOGS = YES;
				MTL_ENABLE_DEBUG_INFO = NO;
				MTL_FAST_MATH = YES;
				SDKROOT = iphoneos;
				SWIFT_COMPILATION_MODE = wholemodule;
				VALIDATE_PRODUCT = YES;
			};
			name = Release;
		};
		76CD42302D91A74C00ABE88E /* Debug */ = {
			isa = XCBuildConfiguration;
			buildSettings = {
				ASSETCATALOG_COMPILER_APPICON_NAME = AppIcon;
				ASSETCATALOG_COMPILER_GLOBAL_ACCENT_COLOR_NAME = AccentColor;
				CODE_SIGN_STYLE = Automatic;
				CURRENT_PROJECT_VERSION = 1;
				DEVELOPMENT_TEAM = UGYM622S92;
				ENABLE_PREVIEWS = YES;
				GENERATE_INFOPLIST_FILE = YES;
				INFOPLIST_FILE = Harmonya/Info.plist;
				INFOPLIST_KEY_UIApplicationSceneManifest_Generation = YES;
				INFOPLIST_KEY_UIApplicationSupportsIndirectInputEvents = YES;
				INFOPLIST_KEY_UILaunchScreen_Generation = YES;
				INFOPLIST_KEY_UISupportedInterfaceOrientations_iPad = "UIInterfaceOrientationPortrait UIInterfaceOrientationPortraitUpsideDown UIInterfaceOrientationLandscapeLeft UIInterfaceOrientationLandscapeRight";
				INFOPLIST_KEY_UISupportedInterfaceOrientations_iPhone = "UIInterfaceOrientationPortrait UIInterfaceOrientationLandscapeLeft UIInterfaceOrientationLandscapeRight";
				LD_RUNPATH_SEARCH_PATHS = (
					"$(inherited)",
					"@executable_path/Frameworks",
				);
				MARKETING_VERSION = 1.0;
				PRODUCT_BUNDLE_IDENTIFIER = Klesya.Harmonya;
				PRODUCT_NAME = "$(TARGET_NAME)";
				SWIFT_EMIT_LOC_STRINGS = YES;
				SWIFT_VERSION = 5.0;
				TARGETED_DEVICE_FAMILY = "1,2";
			};
			name = Debug;
		};
		76CD42312D91A74C00ABE88E /* Release */ = {
			isa = XCBuildConfiguration;
			buildSettings = {
				ASSETCATALOG_COMPILER_APPICON_NAME = AppIcon;
				ASSETCATALOG_COMPILER_GLOBAL_ACCENT_COLOR_NAME = AccentColor;
				CODE_SIGN_STYLE = Automatic;
				CURRENT_PROJECT_VERSION = 1;
				DEVELOPMENT_TEAM = UGYM622S92;
				ENABLE_PREVIEWS = YES;
				GENERATE_INFOPLIST_FILE = YES;
				INFOPLIST_FILE = Harmonya/Info.plist;
				INFOPLIST_KEY_UIApplicationSceneManifest_Generation = YES;
				INFOPLIST_KEY_UIApplicationSupportsIndirectInputEvents = YES;
				INFOPLIST_KEY_UILaunchScreen_Generation = YES;
				INFOPLIST_KEY_UISupportedInterfaceOrientations_iPad = "UIInterfaceOrientationPortrait UIInterfaceOrientationPortraitUpsideDown UIInterfaceOrientationLandscapeLeft UIInterfaceOrientationLandscapeRight";
				INFOPLIST_KEY_UISupportedInterfaceOrientations_iPhone = "UIInterfaceOrientationPortrait UIInterfaceOrientationLandscapeLeft UIInterfaceOrientationLandscapeRight";
				LD_RUNPATH_SEARCH_PATHS = (
					"$(inherited)",
					"@executable_path/Frameworks",
				);
				MARKETING_VERSION = 1.0;
				PRODUCT_BUNDLE_IDENTIFIER = Klesya.Harmonya;
				PRODUCT_NAME = "$(TARGET_NAME)";
				SWIFT_EMIT_LOC_STRINGS = YES;
				SWIFT_VERSION = 5.0;
				TARGETED_DEVICE_FAMILY = "1,2";
			};
			name = Release;
		};
		76CD42332D91A74C00ABE88E /* Debug */ = {
			isa = XCBuildConfiguration;
			buildSettings = {
				BUNDLE_LOADER = "$(TEST_HOST)";
				CODE_SIGN_STYLE = Automatic;
				CURRENT_PROJECT_VERSION = 1;
				DEVELOPMENT_TEAM = UGYM622S92;
				GENERATE_INFOPLIST_FILE = YES;
				IPHONEOS_DEPLOYMENT_TARGET = 18.2;
				MARKETING_VERSION = 1.0;
				PRODUCT_BUNDLE_IDENTIFIER = Klesya.HarmonyaTests;
				PRODUCT_NAME = "$(TARGET_NAME)";
				SWIFT_EMIT_LOC_STRINGS = NO;
				SWIFT_VERSION = 5.0;
				TARGETED_DEVICE_FAMILY = "1,2";
				TEST_HOST = "$(BUILT_PRODUCTS_DIR)/Harmonya.app/$(BUNDLE_EXECUTABLE_FOLDER_PATH)/Harmonya";
			};
			name = Debug;
		};
		76CD42342D91A74C00ABE88E /* Release */ = {
			isa = XCBuildConfiguration;
			buildSettings = {
				BUNDLE_LOADER = "$(TEST_HOST)";
				CODE_SIGN_STYLE = Automatic;
				CURRENT_PROJECT_VERSION = 1;
				DEVELOPMENT_TEAM = UGYM622S92;
				GENERATE_INFOPLIST_FILE = YES;
				IPHONEOS_DEPLOYMENT_TARGET = 18.2;
				MARKETING_VERSION = 1.0;
				PRODUCT_BUNDLE_IDENTIFIER = Klesya.HarmonyaTests;
				PRODUCT_NAME = "$(TARGET_NAME)";
				SWIFT_EMIT_LOC_STRINGS = NO;
				SWIFT_VERSION = 5.0;
				TARGETED_DEVICE_FAMILY = "1,2";
				TEST_HOST = "$(BUILT_PRODUCTS_DIR)/Harmonya.app/$(BUNDLE_EXECUTABLE_FOLDER_PATH)/Harmonya";
			};
			name = Release;
		};
		76CD42362D91A74C00ABE88E /* Debug */ = {
			isa = XCBuildConfiguration;
			buildSettings = {
				CODE_SIGN_STYLE = Automatic;
				CURRENT_PROJECT_VERSION = 1;
				DEVELOPMENT_TEAM = UGYM622S92;
				GENERATE_INFOPLIST_FILE = YES;
				MARKETING_VERSION = 1.0;
				PRODUCT_BUNDLE_IDENTIFIER = Klesya.HarmonyaUITests;
				PRODUCT_NAME = "$(TARGET_NAME)";
				SWIFT_EMIT_LOC_STRINGS = NO;
				SWIFT_VERSION = 5.0;
				TARGETED_DEVICE_FAMILY = "1,2";
				TEST_TARGET_NAME = Harmonya;
			};
			name = Debug;
		};
		76CD42372D91A74C00ABE88E /* Release */ = {
			isa = XCBuildConfiguration;
			buildSettings = {
				CODE_SIGN_STYLE = Automatic;
				CURRENT_PROJECT_VERSION = 1;
				DEVELOPMENT_TEAM = UGYM622S92;
				GENERATE_INFOPLIST_FILE = YES;
				MARKETING_VERSION = 1.0;
				PRODUCT_BUNDLE_IDENTIFIER = Klesya.HarmonyaUITests;
				PRODUCT_NAME = "$(TARGET_NAME)";
				SWIFT_EMIT_LOC_STRINGS = NO;
				SWIFT_VERSION = 5.0;
				TARGETED_DEVICE_FAMILY = "1,2";
				TEST_TARGET_NAME = Harmonya;
			};
			name = Release;
		};
/* End XCBuildConfiguration section */

/* Begin XCConfigurationList section */
		76CD42042D91A74A00ABE88E /* Build configuration list for PBXProject "Harmonya" */ = {
			isa = XCConfigurationList;
			buildConfigurations = (
				76CD422D2D91A74C00ABE88E /* Debug */,
				76CD422E2D91A74C00ABE88E /* Release */,
			);
			defaultConfigurationIsVisible = 0;
			defaultConfigurationName = Release;
		};
		76CD422F2D91A74C00ABE88E /* Build configuration list for PBXNativeTarget "Harmonya" */ = {
			isa = XCConfigurationList;
			buildConfigurations = (
				76CD42302D91A74C00ABE88E /* Debug */,
				76CD42312D91A74C00ABE88E /* Release */,
			);
			defaultConfigurationIsVisible = 0;
			defaultConfigurationName = Release;
		};
		76CD42322D91A74C00ABE88E /* Build configuration list for PBXNativeTarget "HarmonyaTests" */ = {
			isa = XCConfigurationList;
			buildConfigurations = (
				76CD42332D91A74C00ABE88E /* Debug */,
				76CD42342D91A74C00ABE88E /* Release */,
			);
			defaultConfigurationIsVisible = 0;
			defaultConfigurationName = Release;
		};
		76CD42352D91A74C00ABE88E /* Build configuration list for PBXNativeTarget "HarmonyaUITests" */ = {
			isa = XCConfigurationList;
			buildConfigurations = (
				76CD42362D91A74C00ABE88E /* Debug */,
				76CD42372D91A74C00ABE88E /* Release */,
			);
			defaultConfigurationIsVisible = 0;
			defaultConfigurationName = Release;
		};
/* End XCConfigurationList section */
	};
	rootObject = 76CD42012D91A74A00ABE88E /* Project object */;
}
